
Microsoft Visual Studio Solution File, Format Version 12.00
# Visual Studio Version 17
VisualStudioVersion = 17.10.35013.160
MinimumVisualStudioVersion = 10.0.40219.1
Project("{FAE04EC0-301F-11D3-BF4B-00C04F79EFBC}") = "BoxingUnboxing", "BoxingUnboxing.csproj", "{B1D6471D-4B61-4C27-9ED5-A6EEDDA60609}"
EndProject
Global
	GlobalSection(SolutionConfigurationPlatforms) = preSolution
		Debug|Any CPU = Debug|Any CPU
		Release|Any CPU = Release|Any CPU
	EndGlobalSection
	GlobalSection(ProjectConfigurationPlatforms) = postSolution
		{B1D6471D-4B61-4C27-9ED5-A6EEDDA60609}.Debug|Any CPU.ActiveCfg = Debug|Any CPU
		{B1D6471D-4B61-4C27-9ED5-A6EEDDA60609}.Debug|Any CPU.Build.0 = Debug|Any CPU
		{B1D6471D-4B61-4C27-9ED5-A6EEDDA60609}.Release|Any CPU.ActiveCfg = Release|Any CPU
		{B1D6471D-4B61-4C27-9ED5-A6EEDDA60609}.Release|Any CPU.Build.0 = Release|Any CPU
	EndGlobalSection
	GlobalSection(SolutionProperties) = preSolution
		HideSolutionNode = FALSE
	EndGlobalSection
	GlobalSection(ExtensibilityGlobals) = postSolution
		SolutionGuid = {3095D191-F93F-4D84-99C4-D87B004268C3}
	EndGlobalSection
EndGlobal
